{
  "name": "@aws-crypto/web-crypto-backend",
  "version": "1.1.0",
  "lockfileVersion": 1,
  "requires": true,
  "dependencies": {
    "@aws-crypto/ie11-detection": {
      "version": "1.0.0-alpha.0",
      "resolved": "https://registry.npmjs.org/@aws-crypto/ie11-detection/-/ie11-detection-1.0.0-alpha.0.tgz",
      "integrity": "sha512-TQ55S96+aD/iZF/VdgbLqCm2um8mQhjNrlFqQEJkXc12L4taF0wz0FfdFSJ9Uuy6EIf4GjgvbLExgJwxmFqL5A==",
      "requires": {
        "tslib": "^1.9.3"
      }
    },
    "@aws-crypto/supports-web-crypto": {
      "version": "1.0.0-alpha.0",
      "resolved": "https://registry.npmjs.org/@aws-crypto/supports-web-crypto/-/supports-web-crypto-1.0.0-alpha.0.tgz",
      "integrity": "sha512-jVWjNCoEKY49NIWyU1ia1RvtupEZEzOTkYZ1kRH+Z0RqIg9DZksQ7PbSRvxtAv8rTBdyGSgQdEpbFtQtm/ZiRQ==",
      "requires": {
        "tslib": "^1.9.3"
      }
    },
    "@aws-sdk/util-locate-window": {
      "version": "1.0.0-alpha.2",
      "resolved": "https://registry.npmjs.org/@aws-sdk/util-locate-window/-/util-locate-window-1.0.0-alpha.2.tgz",
      "integrity": "sha512-uMnAjOrjxBBp/aC/AiMkjwI5gq4PCZ1vBkt42333h0QjYZYUPiN43WA6FTo6zGC7HIBWmGk8xSMT2JfwWf5xsQ==",
      "requires": {
        "tslib": "^1.8.0"
      }
    },
    "tslib": {
      "version": "1.11.1",
      "resolved": "https://registry.npmjs.org/tslib/-/tslib-1.11.1.tgz",
      "integrity": "sha512-aZW88SY8kQbU7gpV19lN24LtXh/yD4ZZg6qieAJDDg+YBsJcSmLGK9QpnUjAKVG/xefmvJGd1WUmfpT/g6AJGA=="
    }
  }
}
