{
  "name": "@aws-crypto/raw-rsa-keyring-browser",
  "version": "1.0.3",
  "lockfileVersion": 1,
  "requires": true,
  "dependencies": {
    "@aws-sdk/karma-credential-loader": {
      "version": "1.0.0-alpha.5",
      "resolved": "https://registry.npmjs.org/@aws-sdk/karma-credential-loader/-/karma-credential-loader-1.0.0-alpha.5.tgz",
      "integrity": "sha512-eWmcOW2obR4VwT+naWYsFpBtaUoAuP/ZorbZuo9fYHWLlJUZOtsvg2jrN0LUJTRrDMX2TXVI+aTJPX7G+PiRNA==",
      "dev": true,
      "requires": {
        "@aws-sdk/credential-provider-node": "^1.0.0-alpha.5",
        "tslib": "^1.8.0"
      },
      "dependencies": {
        "@aws-sdk/credential-provider-env": {
          "version": "1.0.0-alpha.5",
          "resolved": "https://registry.npmjs.org/@aws-sdk/credential-provider-env/-/credential-provider-env-1.0.0-alpha.5.tgz",
          "integrity": "sha512-nPQURDPDXCcuEiDuniG3KgroiH0RFY8Dkr0Yk7mGRreIQTHSJqxldllgXMnUvGhVicWy/d5VJqo/HGVrnDzQRg==",
          "dev": true,
          "requires": {
            "@aws-sdk/property-provider": "^1.0.0-alpha.4",
            "@aws-sdk/types": "^1.0.0-alpha.4",
            "tslib": "^1.8.0"
          }
        },
        "@aws-sdk/credential-provider-imds": {
          "version": "1.0.0-alpha.4",
          "resolved": "https://registry.npmjs.org/@aws-sdk/credential-provider-imds/-/credential-provider-imds-1.0.0-alpha.4.tgz",
          "integrity": "sha512-EFJ95Sa7M6R+E99zgtkk5JUPY+fQqCSbMuRPLJI61BFb26QQHZxEH40FP7kbue85PlLPCoIdZYrir/YTuO3jbw==",
          "dev": true,
          "requires": {
            "@aws-sdk/property-provider": "^1.0.0-alpha.4",
            "@aws-sdk/types": "^1.0.0-alpha.4",
            "tslib": "^1.8.0"
          }
        },
        "@aws-sdk/credential-provider-ini": {
          "version": "1.0.0-alpha.4",
          "resolved": "https://registry.npmjs.org/@aws-sdk/credential-provider-ini/-/credential-provider-ini-1.0.0-alpha.4.tgz",
          "integrity": "sha512-HqMRc2TPIas2lCao3YPvmi/EGB00mKy4snKka8RLtkCLlRKWOUTf7zldeNmtNuUh7sSNdt6xEFnXCHb6xmX51Q==",
          "dev": true,
          "requires": {
            "@aws-sdk/property-provider": "^1.0.0-alpha.4",
            "@aws-sdk/shared-ini-file-loader": "^1.0.0-alpha.2",
            "@aws-sdk/types": "^1.0.0-alpha.4",
            "tslib": "^1.8.0"
          }
        },
        "@aws-sdk/credential-provider-node": {
          "version": "1.0.0-alpha.5",
          "resolved": "https://registry.npmjs.org/@aws-sdk/credential-provider-node/-/credential-provider-node-1.0.0-alpha.5.tgz",
          "integrity": "sha512-aP16LaUCtu6214j0rScBYJ/DITOxBEqxBj2qMgcv19JSAPCHrnJsGk8sJ9HNC9iARYvhEw2ijkPiUjrZsOoG5g==",
          "dev": true,
          "requires": {
            "@aws-sdk/credential-provider-env": "^1.0.0-alpha.5",
            "@aws-sdk/credential-provider-imds": "^1.0.0-alpha.4",
            "@aws-sdk/credential-provider-ini": "^1.0.0-alpha.4",
            "@aws-sdk/credential-provider-process": "^1.0.0-alpha.4",
            "@aws-sdk/property-provider": "^1.0.0-alpha.4",
            "@aws-sdk/types": "^1.0.0-alpha.4",
            "tslib": "^1.8.0"
          }
        },
        "@aws-sdk/credential-provider-process": {
          "version": "1.0.0-alpha.4",
          "resolved": "https://registry.npmjs.org/@aws-sdk/credential-provider-process/-/credential-provider-process-1.0.0-alpha.4.tgz",
          "integrity": "sha512-uhnHK6kUSKF3aBHY7segd73sMZ0ltjcyHhw7dYKDYeHZUiRzZrsmXPC4S3lEhnlX/HAT88s357hnsLk1P41l+w==",
          "dev": true,
          "requires": {
            "@aws-sdk/credential-provider-ini": "^1.0.0-alpha.4",
            "@aws-sdk/property-provider": "^1.0.0-alpha.4",
            "@aws-sdk/shared-ini-file-loader": "^1.0.0-alpha.2",
            "@aws-sdk/types": "^1.0.0-alpha.4",
            "tslib": "^1.8.0"
          }
        },
        "@aws-sdk/property-provider": {
          "version": "1.0.0-alpha.4",
          "resolved": "https://registry.npmjs.org/@aws-sdk/property-provider/-/property-provider-1.0.0-alpha.4.tgz",
          "integrity": "sha512-Ab5ybRIJIOjc/J5DKOflgrA+oQnIBZdSG3xNPsMazHvxt8t/nfqZDbx4iBstKZXHb/7mIAV1R/0P0ZGpVlVq8A==",
          "dev": true,
          "requires": {
            "@aws-sdk/types": "^1.0.0-alpha.4",
            "tslib": "^1.8.0"
          }
        },
        "@aws-sdk/shared-ini-file-loader": {
          "version": "1.0.0-alpha.2",
          "resolved": "https://registry.npmjs.org/@aws-sdk/shared-ini-file-loader/-/shared-ini-file-loader-1.0.0-alpha.2.tgz",
          "integrity": "sha512-uduef441VzFoOK6pVDR0UxRajYZQuRs00T4C9LZOlTJ1140Hl0UN5/bOhC4F5nAE3wigzILMj0/FYNPT6NCw1Q==",
          "dev": true,
          "requires": {
            "tslib": "^1.8.0"
          }
        },
        "@aws-sdk/types": {
          "version": "1.0.0-alpha.4",
          "resolved": "https://registry.npmjs.org/@aws-sdk/types/-/types-1.0.0-alpha.4.tgz",
          "integrity": "sha512-C1n3tc9dehFE/kYWD+GbY+QPDeq8PQoza56lAnDniF5W4hbQnFdZXEPr9OBpIHSdoKvi5adxh67KPPrVA+4ymA==",
          "dev": true
        },
        "tslib": {
          "version": "1.10.0",
          "resolved": "https://registry.npmjs.org/tslib/-/tslib-1.10.0.tgz",
          "integrity": "sha512-qOebF53frne81cf0S9B41ByenJ3/IuH8yJKngAX35CmiZySA0khhkovshKK+jGCaMnVomla7gVlIcc3EvKPbTQ==",
          "dev": true
        }
      }
    }
  }
}
