{
  "name": "@aws-crypto/raw-rsa-keyring-browser",
  "version": "1.1.0",
  "lockfileVersion": 1,
  "requires": true,
  "dependencies": {
    "@aws-crypto/ie11-detection": {
      "version": "1.0.0-alpha.0",
      "resolved": "https://registry.npmjs.org/@aws-crypto/ie11-detection/-/ie11-detection-1.0.0-alpha.0.tgz",
      "integrity": "sha512-TQ55S96+aD/iZF/VdgbLqCm2um8mQhjNrlFqQEJkXc12L4taF0wz0FfdFSJ9Uuy6EIf4GjgvbLExgJwxmFqL5A==",
      "requires": {
        "tslib": "^1.9.3"
      }
    },
    "@aws-crypto/material-management-browser": {
      "version": "file:../material-management-browser",
      "requires": {
        "@aws-crypto/material-management": "file:../material-management",
        "@aws-crypto/serialize": "file:../serialize",
        "@aws-crypto/web-crypto-backend": "file:../web-crypto-backend",
        "@aws-sdk/util-base64-browser": "1.0.0-alpha.2",
        "tslib": "^1.9.3"
      },
      "dependencies": {
        "@aws-crypto/material-management": {
          "version": "file:../material-management",
          "requires": {
            "asn1.js": "^5.0.1",
            "bn.js": "^5.1.1",
            "tslib": "^1.9.3"
          },
          "dependencies": {
            "asn1.js": {
              "version": "5.3.0",
              "resolved": "https://registry.npmjs.org/asn1.js/-/asn1.js-5.3.0.tgz",
              "integrity": "sha512-WHnQJFcOrIWT1RLOkFFBQkFVvyt9BPOOrH+Dp152Zk4R993rSzXUGPmkybIcUFhHE2d/iHH+nCaOWVCDbO8fgA==",
              "requires": {
                "bn.js": "^4.0.0",
                "inherits": "^2.0.1",
                "minimalistic-assert": "^1.0.0",
                "safer-buffer": "^2.1.0"
              },
              "dependencies": {
                "bn.js": {
                  "version": "4.11.8",
                  "resolved": "https://registry.npmjs.org/bn.js/-/bn.js-4.11.8.tgz",
                  "integrity": "sha512-ItfYfPLkWHUjckQCk8xC+LwxgK8NYcXywGigJgSwOP8Y2iyWT4f2vsZnoOXTTbo+o5yXmIUJ4gn5538SO5S3gA=="
                }
              }
            },
            "bn.js": {
              "version": "5.1.1",
              "resolved": "https://registry.npmjs.org/bn.js/-/bn.js-5.1.1.tgz",
              "integrity": "sha512-IUTD/REb78Z2eodka1QZyyEk66pciRcP6Sroka0aI3tG/iwIdYLrBD62RsubR7vqdt3WyX8p4jxeatzmRSphtA=="
            },
            "inherits": {
              "version": "2.0.4",
              "resolved": "https://registry.npmjs.org/inherits/-/inherits-2.0.4.tgz",
              "integrity": "sha512-k/vGaX4/Yla3WzyMCvTQOXYeIHvqOKtnqBduzTHpzpQZzAskKMhZ2K+EnBiSM9zGSoIFeMpXKxa4dYeZIQqewQ=="
            },
            "minimalistic-assert": {
              "version": "1.0.1",
              "resolved": "https://registry.npmjs.org/minimalistic-assert/-/minimalistic-assert-1.0.1.tgz",
              "integrity": "sha512-UtJcAD4yEaGtjPezWuO9wC4nwUnVH/8/Im3yEHQP4b67cXlD/Qr9hdITCU1xDbSEXg2XKNaP8jsReV7vQd00/A=="
            },
            "safer-buffer": {
              "version": "2.1.2",
              "resolved": "https://registry.npmjs.org/safer-buffer/-/safer-buffer-2.1.2.tgz",
              "integrity": "sha512-YZo3K82SD7Riyi0E1EQPojLz7kpepnSQI9IyPbHHg1XXXevb5dJI7tpyN2ADxGcQbHG7vcyRHk0cbwqcQriUtg=="
            },
            "tslib": {
              "version": "1.11.1",
              "resolved": "https://registry.npmjs.org/tslib/-/tslib-1.11.1.tgz",
              "integrity": "sha512-aZW88SY8kQbU7gpV19lN24LtXh/yD4ZZg6qieAJDDg+YBsJcSmLGK9QpnUjAKVG/xefmvJGd1WUmfpT/g6AJGA=="
            }
          }
        },
        "@aws-crypto/serialize": {
          "version": "file:../serialize",
          "requires": {
            "@aws-crypto/material-management": "file:../material-management",
            "asn1.js": "^5.0.1",
            "bn.js": "^5.1.1",
            "tslib": "^1.9.3"
          },
          "dependencies": {
            "@aws-crypto/material-management": {
              "version": "file:../material-management",
              "requires": {
                "asn1.js": "^5.0.1",
                "bn.js": "^5.1.1",
                "tslib": "^1.9.3"
              },
              "dependencies": {
                "asn1.js": {
                  "version": "5.3.0",
                  "resolved": "https://registry.npmjs.org/asn1.js/-/asn1.js-5.3.0.tgz",
                  "integrity": "sha512-WHnQJFcOrIWT1RLOkFFBQkFVvyt9BPOOrH+Dp152Zk4R993rSzXUGPmkybIcUFhHE2d/iHH+nCaOWVCDbO8fgA==",
                  "requires": {
                    "bn.js": "^4.0.0",
                    "inherits": "^2.0.1",
                    "minimalistic-assert": "^1.0.0",
                    "safer-buffer": "^2.1.0"
                  },
                  "dependencies": {
                    "bn.js": {
                      "version": "4.11.8",
                      "resolved": "https://registry.npmjs.org/bn.js/-/bn.js-4.11.8.tgz",
                      "integrity": "sha512-ItfYfPLkWHUjckQCk8xC+LwxgK8NYcXywGigJgSwOP8Y2iyWT4f2vsZnoOXTTbo+o5yXmIUJ4gn5538SO5S3gA=="
                    }
                  }
                },
                "bn.js": {
                  "version": "5.1.1",
                  "resolved": "https://registry.npmjs.org/bn.js/-/bn.js-5.1.1.tgz",
                  "integrity": "sha512-IUTD/REb78Z2eodka1QZyyEk66pciRcP6Sroka0aI3tG/iwIdYLrBD62RsubR7vqdt3WyX8p4jxeatzmRSphtA=="
                },
                "inherits": {
                  "version": "2.0.4",
                  "resolved": "https://registry.npmjs.org/inherits/-/inherits-2.0.4.tgz",
                  "integrity": "sha512-k/vGaX4/Yla3WzyMCvTQOXYeIHvqOKtnqBduzTHpzpQZzAskKMhZ2K+EnBiSM9zGSoIFeMpXKxa4dYeZIQqewQ=="
                },
                "minimalistic-assert": {
                  "version": "1.0.1",
                  "resolved": "https://registry.npmjs.org/minimalistic-assert/-/minimalistic-assert-1.0.1.tgz",
                  "integrity": "sha512-UtJcAD4yEaGtjPezWuO9wC4nwUnVH/8/Im3yEHQP4b67cXlD/Qr9hdITCU1xDbSEXg2XKNaP8jsReV7vQd00/A=="
                },
                "safer-buffer": {
                  "version": "2.1.2",
                  "resolved": "https://registry.npmjs.org/safer-buffer/-/safer-buffer-2.1.2.tgz",
                  "integrity": "sha512-YZo3K82SD7Riyi0E1EQPojLz7kpepnSQI9IyPbHHg1XXXevb5dJI7tpyN2ADxGcQbHG7vcyRHk0cbwqcQriUtg=="
                },
                "tslib": {
                  "version": "1.11.1",
                  "resolved": "https://registry.npmjs.org/tslib/-/tslib-1.11.1.tgz",
                  "integrity": "sha512-aZW88SY8kQbU7gpV19lN24LtXh/yD4ZZg6qieAJDDg+YBsJcSmLGK9QpnUjAKVG/xefmvJGd1WUmfpT/g6AJGA=="
                }
              }
            },
            "asn1.js": {
              "version": "5.3.0",
              "resolved": "https://registry.npmjs.org/asn1.js/-/asn1.js-5.3.0.tgz",
              "integrity": "sha512-WHnQJFcOrIWT1RLOkFFBQkFVvyt9BPOOrH+Dp152Zk4R993rSzXUGPmkybIcUFhHE2d/iHH+nCaOWVCDbO8fgA==",
              "requires": {
                "bn.js": "^4.0.0",
                "inherits": "^2.0.1",
                "minimalistic-assert": "^1.0.0",
                "safer-buffer": "^2.1.0"
              },
              "dependencies": {
                "bn.js": {
                  "version": "4.11.8",
                  "resolved": "https://registry.npmjs.org/bn.js/-/bn.js-4.11.8.tgz",
                  "integrity": "sha512-ItfYfPLkWHUjckQCk8xC+LwxgK8NYcXywGigJgSwOP8Y2iyWT4f2vsZnoOXTTbo+o5yXmIUJ4gn5538SO5S3gA=="
                }
              }
            },
            "bn.js": {
              "version": "5.1.1",
              "resolved": "https://registry.npmjs.org/bn.js/-/bn.js-5.1.1.tgz",
              "integrity": "sha512-IUTD/REb78Z2eodka1QZyyEk66pciRcP6Sroka0aI3tG/iwIdYLrBD62RsubR7vqdt3WyX8p4jxeatzmRSphtA=="
            },
            "inherits": {
              "version": "2.0.4",
              "resolved": "https://registry.npmjs.org/inherits/-/inherits-2.0.4.tgz",
              "integrity": "sha512-k/vGaX4/Yla3WzyMCvTQOXYeIHvqOKtnqBduzTHpzpQZzAskKMhZ2K+EnBiSM9zGSoIFeMpXKxa4dYeZIQqewQ=="
            },
            "minimalistic-assert": {
              "version": "1.0.1",
              "resolved": "https://registry.npmjs.org/minimalistic-assert/-/minimalistic-assert-1.0.1.tgz",
              "integrity": "sha512-UtJcAD4yEaGtjPezWuO9wC4nwUnVH/8/Im3yEHQP4b67cXlD/Qr9hdITCU1xDbSEXg2XKNaP8jsReV7vQd00/A=="
            },
            "safer-buffer": {
              "version": "2.1.2",
              "resolved": "https://registry.npmjs.org/safer-buffer/-/safer-buffer-2.1.2.tgz",
              "integrity": "sha512-YZo3K82SD7Riyi0E1EQPojLz7kpepnSQI9IyPbHHg1XXXevb5dJI7tpyN2ADxGcQbHG7vcyRHk0cbwqcQriUtg=="
            },
            "tslib": {
              "version": "1.11.1",
              "resolved": "https://registry.npmjs.org/tslib/-/tslib-1.11.1.tgz",
              "integrity": "sha512-aZW88SY8kQbU7gpV19lN24LtXh/yD4ZZg6qieAJDDg+YBsJcSmLGK9QpnUjAKVG/xefmvJGd1WUmfpT/g6AJGA=="
            }
          }
        },
        "@aws-crypto/web-crypto-backend": {
          "version": "file:../web-crypto-backend",
          "requires": {
            "@aws-crypto/ie11-detection": "^1.0.0-alpha.0",
            "@aws-crypto/supports-web-crypto": "^1.0.0-alpha.0",
            "@aws-sdk/util-locate-window": "^1.0.0-alpha.2",
            "tslib": "^1.9.3"
          },
          "dependencies": {
            "@aws-crypto/ie11-detection": {
              "version": "1.0.0-alpha.0",
              "resolved": "https://registry.npmjs.org/@aws-crypto/ie11-detection/-/ie11-detection-1.0.0-alpha.0.tgz",
              "integrity": "sha512-TQ55S96+aD/iZF/VdgbLqCm2um8mQhjNrlFqQEJkXc12L4taF0wz0FfdFSJ9Uuy6EIf4GjgvbLExgJwxmFqL5A==",
              "requires": {
                "tslib": "^1.9.3"
              }
            },
            "@aws-crypto/supports-web-crypto": {
              "version": "1.0.0-alpha.0",
              "resolved": "https://registry.npmjs.org/@aws-crypto/supports-web-crypto/-/supports-web-crypto-1.0.0-alpha.0.tgz",
              "integrity": "sha512-jVWjNCoEKY49NIWyU1ia1RvtupEZEzOTkYZ1kRH+Z0RqIg9DZksQ7PbSRvxtAv8rTBdyGSgQdEpbFtQtm/ZiRQ==",
              "requires": {
                "tslib": "^1.9.3"
              }
            },
            "@aws-sdk/util-locate-window": {
              "version": "1.0.0-alpha.2",
              "resolved": "https://registry.npmjs.org/@aws-sdk/util-locate-window/-/util-locate-window-1.0.0-alpha.2.tgz",
              "integrity": "sha512-uMnAjOrjxBBp/aC/AiMkjwI5gq4PCZ1vBkt42333h0QjYZYUPiN43WA6FTo6zGC7HIBWmGk8xSMT2JfwWf5xsQ==",
              "requires": {
                "tslib": "^1.8.0"
              }
            },
            "tslib": {
              "version": "1.11.1",
              "resolved": "https://registry.npmjs.org/tslib/-/tslib-1.11.1.tgz",
              "integrity": "sha512-aZW88SY8kQbU7gpV19lN24LtXh/yD4ZZg6qieAJDDg+YBsJcSmLGK9QpnUjAKVG/xefmvJGd1WUmfpT/g6AJGA=="
            }
          }
        },
        "@aws-sdk/util-base64-browser": {
          "version": "1.0.0-alpha.2",
          "resolved": "https://registry.npmjs.org/@aws-sdk/util-base64-browser/-/util-base64-browser-1.0.0-alpha.2.tgz",
          "integrity": "sha512-b+DMgBjaErjF/XweTz0M2c2qi5h0CLeNrNZjA9fY7l6pfRYG1DA+WOjPLOu3A8I1ZaMDHYk6nPA3nDJPk/d29w==",
          "requires": {
            "tslib": "^1.8.0"
          }
        },
        "tslib": {
          "version": "1.11.1",
          "resolved": "https://registry.npmjs.org/tslib/-/tslib-1.11.1.tgz",
          "integrity": "sha512-aZW88SY8kQbU7gpV19lN24LtXh/yD4ZZg6qieAJDDg+YBsJcSmLGK9QpnUjAKVG/xefmvJGd1WUmfpT/g6AJGA=="
        }
      }
    },
    "@aws-crypto/random-source-browser": {
      "version": "1.0.0-alpha.0",
      "resolved": "https://registry.npmjs.org/@aws-crypto/random-source-browser/-/random-source-browser-1.0.0-alpha.0.tgz",
      "integrity": "sha512-IEpz2XLJIRh2OmJ4lgvEPjDEhotCxjUqcofR6lofjmH2l2TKGVfChpvB3Jw2H869h+SwizwxJNQZnmZZniD4Fw==",
      "requires": {
        "@aws-crypto/ie11-detection": "^1.0.0-alpha.0",
        "@aws-crypto/supports-web-crypto": "^1.0.0-alpha.0",
        "@aws-sdk/util-locate-window": "^1.0.0-alpha.0",
        "tslib": "^1.9.3"
      }
    },
    "@aws-crypto/raw-keyring": {
      "version": "file:../raw-keyring",
      "requires": {
        "@aws-crypto/material-management": "file:../material-management",
        "@aws-crypto/serialize": "file:../serialize",
        "tslib": "^1.9.3"
      },
      "dependencies": {
        "@aws-crypto/material-management": {
          "version": "file:../material-management",
          "requires": {
            "asn1.js": "^5.0.1",
            "bn.js": "^5.1.1",
            "tslib": "^1.9.3"
          },
          "dependencies": {
            "asn1.js": {
              "version": "5.3.0",
              "resolved": "https://registry.npmjs.org/asn1.js/-/asn1.js-5.3.0.tgz",
              "integrity": "sha512-WHnQJFcOrIWT1RLOkFFBQkFVvyt9BPOOrH+Dp152Zk4R993rSzXUGPmkybIcUFhHE2d/iHH+nCaOWVCDbO8fgA==",
              "requires": {
                "bn.js": "^4.0.0",
                "inherits": "^2.0.1",
                "minimalistic-assert": "^1.0.0",
                "safer-buffer": "^2.1.0"
              },
              "dependencies": {
                "bn.js": {
                  "version": "4.11.8",
                  "resolved": "https://registry.npmjs.org/bn.js/-/bn.js-4.11.8.tgz",
                  "integrity": "sha512-ItfYfPLkWHUjckQCk8xC+LwxgK8NYcXywGigJgSwOP8Y2iyWT4f2vsZnoOXTTbo+o5yXmIUJ4gn5538SO5S3gA=="
                }
              }
            },
            "bn.js": {
              "version": "5.1.1",
              "resolved": "https://registry.npmjs.org/bn.js/-/bn.js-5.1.1.tgz",
              "integrity": "sha512-IUTD/REb78Z2eodka1QZyyEk66pciRcP6Sroka0aI3tG/iwIdYLrBD62RsubR7vqdt3WyX8p4jxeatzmRSphtA=="
            },
            "inherits": {
              "version": "2.0.4",
              "resolved": "https://registry.npmjs.org/inherits/-/inherits-2.0.4.tgz",
              "integrity": "sha512-k/vGaX4/Yla3WzyMCvTQOXYeIHvqOKtnqBduzTHpzpQZzAskKMhZ2K+EnBiSM9zGSoIFeMpXKxa4dYeZIQqewQ=="
            },
            "minimalistic-assert": {
              "version": "1.0.1",
              "resolved": "https://registry.npmjs.org/minimalistic-assert/-/minimalistic-assert-1.0.1.tgz",
              "integrity": "sha512-UtJcAD4yEaGtjPezWuO9wC4nwUnVH/8/Im3yEHQP4b67cXlD/Qr9hdITCU1xDbSEXg2XKNaP8jsReV7vQd00/A=="
            },
            "safer-buffer": {
              "version": "2.1.2",
              "resolved": "https://registry.npmjs.org/safer-buffer/-/safer-buffer-2.1.2.tgz",
              "integrity": "sha512-YZo3K82SD7Riyi0E1EQPojLz7kpepnSQI9IyPbHHg1XXXevb5dJI7tpyN2ADxGcQbHG7vcyRHk0cbwqcQriUtg=="
            },
            "tslib": {
              "version": "1.11.1",
              "resolved": "https://registry.npmjs.org/tslib/-/tslib-1.11.1.tgz",
              "integrity": "sha512-aZW88SY8kQbU7gpV19lN24LtXh/yD4ZZg6qieAJDDg+YBsJcSmLGK9QpnUjAKVG/xefmvJGd1WUmfpT/g6AJGA=="
            }
          }
        },
        "@aws-crypto/serialize": {
          "version": "file:../serialize",
          "requires": {
            "@aws-crypto/material-management": "file:../material-management",
            "asn1.js": "^5.0.1",
            "bn.js": "^5.1.1",
            "tslib": "^1.9.3"
          },
          "dependencies": {
            "@aws-crypto/material-management": {
              "version": "file:../material-management",
              "requires": {
                "asn1.js": "^5.0.1",
                "bn.js": "^5.1.1",
                "tslib": "^1.9.3"
              },
              "dependencies": {
                "asn1.js": {
                  "version": "5.3.0",
                  "resolved": "https://registry.npmjs.org/asn1.js/-/asn1.js-5.3.0.tgz",
                  "integrity": "sha512-WHnQJFcOrIWT1RLOkFFBQkFVvyt9BPOOrH+Dp152Zk4R993rSzXUGPmkybIcUFhHE2d/iHH+nCaOWVCDbO8fgA==",
                  "requires": {
                    "bn.js": "^4.0.0",
                    "inherits": "^2.0.1",
                    "minimalistic-assert": "^1.0.0",
                    "safer-buffer": "^2.1.0"
                  },
                  "dependencies": {
                    "bn.js": {
                      "version": "4.11.8",
                      "resolved": "https://registry.npmjs.org/bn.js/-/bn.js-4.11.8.tgz",
                      "integrity": "sha512-ItfYfPLkWHUjckQCk8xC+LwxgK8NYcXywGigJgSwOP8Y2iyWT4f2vsZnoOXTTbo+o5yXmIUJ4gn5538SO5S3gA=="
                    }
                  }
                },
                "bn.js": {
                  "version": "5.1.1",
                  "resolved": "https://registry.npmjs.org/bn.js/-/bn.js-5.1.1.tgz",
                  "integrity": "sha512-IUTD/REb78Z2eodka1QZyyEk66pciRcP6Sroka0aI3tG/iwIdYLrBD62RsubR7vqdt3WyX8p4jxeatzmRSphtA=="
                },
                "inherits": {
                  "version": "2.0.4",
                  "resolved": "https://registry.npmjs.org/inherits/-/inherits-2.0.4.tgz",
                  "integrity": "sha512-k/vGaX4/Yla3WzyMCvTQOXYeIHvqOKtnqBduzTHpzpQZzAskKMhZ2K+EnBiSM9zGSoIFeMpXKxa4dYeZIQqewQ=="
                },
                "minimalistic-assert": {
                  "version": "1.0.1",
                  "resolved": "https://registry.npmjs.org/minimalistic-assert/-/minimalistic-assert-1.0.1.tgz",
                  "integrity": "sha512-UtJcAD4yEaGtjPezWuO9wC4nwUnVH/8/Im3yEHQP4b67cXlD/Qr9hdITCU1xDbSEXg2XKNaP8jsReV7vQd00/A=="
                },
                "safer-buffer": {
                  "version": "2.1.2",
                  "resolved": "https://registry.npmjs.org/safer-buffer/-/safer-buffer-2.1.2.tgz",
                  "integrity": "sha512-YZo3K82SD7Riyi0E1EQPojLz7kpepnSQI9IyPbHHg1XXXevb5dJI7tpyN2ADxGcQbHG7vcyRHk0cbwqcQriUtg=="
                },
                "tslib": {
                  "version": "1.11.1",
                  "resolved": "https://registry.npmjs.org/tslib/-/tslib-1.11.1.tgz",
                  "integrity": "sha512-aZW88SY8kQbU7gpV19lN24LtXh/yD4ZZg6qieAJDDg+YBsJcSmLGK9QpnUjAKVG/xefmvJGd1WUmfpT/g6AJGA=="
                }
              }
            },
            "asn1.js": {
              "version": "5.3.0",
              "resolved": "https://registry.npmjs.org/asn1.js/-/asn1.js-5.3.0.tgz",
              "integrity": "sha512-WHnQJFcOrIWT1RLOkFFBQkFVvyt9BPOOrH+Dp152Zk4R993rSzXUGPmkybIcUFhHE2d/iHH+nCaOWVCDbO8fgA==",
              "requires": {
                "bn.js": "^4.0.0",
                "inherits": "^2.0.1",
                "minimalistic-assert": "^1.0.0",
                "safer-buffer": "^2.1.0"
              },
              "dependencies": {
                "bn.js": {
                  "version": "4.11.8",
                  "resolved": "https://registry.npmjs.org/bn.js/-/bn.js-4.11.8.tgz",
                  "integrity": "sha512-ItfYfPLkWHUjckQCk8xC+LwxgK8NYcXywGigJgSwOP8Y2iyWT4f2vsZnoOXTTbo+o5yXmIUJ4gn5538SO5S3gA=="
                }
              }
            },
            "bn.js": {
              "version": "5.1.1",
              "resolved": "https://registry.npmjs.org/bn.js/-/bn.js-5.1.1.tgz",
              "integrity": "sha512-IUTD/REb78Z2eodka1QZyyEk66pciRcP6Sroka0aI3tG/iwIdYLrBD62RsubR7vqdt3WyX8p4jxeatzmRSphtA=="
            },
            "inherits": {
              "version": "2.0.4",
              "resolved": "https://registry.npmjs.org/inherits/-/inherits-2.0.4.tgz",
              "integrity": "sha512-k/vGaX4/Yla3WzyMCvTQOXYeIHvqOKtnqBduzTHpzpQZzAskKMhZ2K+EnBiSM9zGSoIFeMpXKxa4dYeZIQqewQ=="
            },
            "minimalistic-assert": {
              "version": "1.0.1",
              "resolved": "https://registry.npmjs.org/minimalistic-assert/-/minimalistic-assert-1.0.1.tgz",
              "integrity": "sha512-UtJcAD4yEaGtjPezWuO9wC4nwUnVH/8/Im3yEHQP4b67cXlD/Qr9hdITCU1xDbSEXg2XKNaP8jsReV7vQd00/A=="
            },
            "safer-buffer": {
              "version": "2.1.2",
              "resolved": "https://registry.npmjs.org/safer-buffer/-/safer-buffer-2.1.2.tgz",
              "integrity": "sha512-YZo3K82SD7Riyi0E1EQPojLz7kpepnSQI9IyPbHHg1XXXevb5dJI7tpyN2ADxGcQbHG7vcyRHk0cbwqcQriUtg=="
            },
            "tslib": {
              "version": "1.11.1",
              "resolved": "https://registry.npmjs.org/tslib/-/tslib-1.11.1.tgz",
              "integrity": "sha512-aZW88SY8kQbU7gpV19lN24LtXh/yD4ZZg6qieAJDDg+YBsJcSmLGK9QpnUjAKVG/xefmvJGd1WUmfpT/g6AJGA=="
            }
          }
        },
        "tslib": {
          "version": "1.11.1",
          "resolved": "https://registry.npmjs.org/tslib/-/tslib-1.11.1.tgz",
          "integrity": "sha512-aZW88SY8kQbU7gpV19lN24LtXh/yD4ZZg6qieAJDDg+YBsJcSmLGK9QpnUjAKVG/xefmvJGd1WUmfpT/g6AJGA=="
        }
      }
    },
    "@aws-crypto/supports-web-crypto": {
      "version": "1.0.0-alpha.0",
      "resolved": "https://registry.npmjs.org/@aws-crypto/supports-web-crypto/-/supports-web-crypto-1.0.0-alpha.0.tgz",
      "integrity": "sha512-jVWjNCoEKY49NIWyU1ia1RvtupEZEzOTkYZ1kRH+Z0RqIg9DZksQ7PbSRvxtAv8rTBdyGSgQdEpbFtQtm/ZiRQ==",
      "requires": {
        "tslib": "^1.9.3"
      }
    },
    "@aws-crypto/web-crypto-backend": {
      "version": "file:../web-crypto-backend",
      "requires": {
        "@aws-crypto/ie11-detection": "^1.0.0-alpha.0",
        "@aws-crypto/supports-web-crypto": "^1.0.0-alpha.0",
        "@aws-sdk/util-locate-window": "^1.0.0-alpha.2",
        "tslib": "^1.9.3"
      },
      "dependencies": {
        "@aws-crypto/ie11-detection": {
          "version": "1.0.0-alpha.0",
          "resolved": "https://registry.npmjs.org/@aws-crypto/ie11-detection/-/ie11-detection-1.0.0-alpha.0.tgz",
          "integrity": "sha512-TQ55S96+aD/iZF/VdgbLqCm2um8mQhjNrlFqQEJkXc12L4taF0wz0FfdFSJ9Uuy6EIf4GjgvbLExgJwxmFqL5A==",
          "requires": {
            "tslib": "^1.9.3"
          }
        },
        "@aws-crypto/supports-web-crypto": {
          "version": "1.0.0-alpha.0",
          "resolved": "https://registry.npmjs.org/@aws-crypto/supports-web-crypto/-/supports-web-crypto-1.0.0-alpha.0.tgz",
          "integrity": "sha512-jVWjNCoEKY49NIWyU1ia1RvtupEZEzOTkYZ1kRH+Z0RqIg9DZksQ7PbSRvxtAv8rTBdyGSgQdEpbFtQtm/ZiRQ==",
          "requires": {
            "tslib": "^1.9.3"
          }
        },
        "@aws-sdk/util-locate-window": {
          "version": "1.0.0-alpha.2",
          "resolved": "https://registry.npmjs.org/@aws-sdk/util-locate-window/-/util-locate-window-1.0.0-alpha.2.tgz",
          "integrity": "sha512-uMnAjOrjxBBp/aC/AiMkjwI5gq4PCZ1vBkt42333h0QjYZYUPiN43WA6FTo6zGC7HIBWmGk8xSMT2JfwWf5xsQ==",
          "requires": {
            "tslib": "^1.8.0"
          }
        },
        "tslib": {
          "version": "1.11.1",
          "resolved": "https://registry.npmjs.org/tslib/-/tslib-1.11.1.tgz",
          "integrity": "sha512-aZW88SY8kQbU7gpV19lN24LtXh/yD4ZZg6qieAJDDg+YBsJcSmLGK9QpnUjAKVG/xefmvJGd1WUmfpT/g6AJGA=="
        }
      }
    },
    "@aws-sdk/util-base64-browser": {
      "version": "1.0.0-alpha.2",
      "resolved": "https://registry.npmjs.org/@aws-sdk/util-base64-browser/-/util-base64-browser-1.0.0-alpha.2.tgz",
      "integrity": "sha512-b+DMgBjaErjF/XweTz0M2c2qi5h0CLeNrNZjA9fY7l6pfRYG1DA+WOjPLOu3A8I1ZaMDHYk6nPA3nDJPk/d29w==",
      "requires": {
        "tslib": "^1.8.0"
      }
    },
    "@aws-sdk/util-locate-window": {
      "version": "1.0.0-alpha.2",
      "resolved": "https://registry.npmjs.org/@aws-sdk/util-locate-window/-/util-locate-window-1.0.0-alpha.2.tgz",
      "integrity": "sha512-uMnAjOrjxBBp/aC/AiMkjwI5gq4PCZ1vBkt42333h0QjYZYUPiN43WA6FTo6zGC7HIBWmGk8xSMT2JfwWf5xsQ==",
      "requires": {
        "tslib": "^1.8.0"
      }
    },
    "tslib": {
      "version": "1.11.1",
      "resolved": "https://registry.npmjs.org/tslib/-/tslib-1.11.1.tgz",
      "integrity": "sha512-aZW88SY8kQbU7gpV19lN24LtXh/yD4ZZg6qieAJDDg+YBsJcSmLGK9QpnUjAKVG/xefmvJGd1WUmfpT/g6AJGA=="
    }
  }
}
