{
  "name": "@aws-crypto/cache-material",
  "version": "1.0.2",
  "lockfileVersion": 1,
  "requires": true,
  "dependencies": {
    "@aws-crypto/material-management": {
      "version": "file:../material-management",
      "requires": {
        "asn1.js": "^5.0.1",
        "bn.js": "^5.1.1",
        "tslib": "^1.9.3"
      },
      "dependencies": {
        "asn1.js": {
          "version": "5.3.0",
          "resolved": "https://registry.npmjs.org/asn1.js/-/asn1.js-5.3.0.tgz",
          "integrity": "sha512-WHnQJFcOrIWT1RLOkFFBQkFVvyt9BPOOrH+Dp152Zk4R993rSzXUGPmkybIcUFhHE2d/iHH+nCaOWVCDbO8fgA==",
          "requires": {
            "bn.js": "^4.0.0",
            "inherits": "^2.0.1",
            "minimalistic-assert": "^1.0.0",
            "safer-buffer": "^2.1.0"
          },
          "dependencies": {
            "bn.js": {
              "version": "4.11.8",
              "resolved": "https://registry.npmjs.org/bn.js/-/bn.js-4.11.8.tgz",
              "integrity": "sha512-ItfYfPLkWHUjckQCk8xC+LwxgK8NYcXywGigJgSwOP8Y2iyWT4f2vsZnoOXTTbo+o5yXmIUJ4gn5538SO5S3gA=="
            }
          }
        },
        "bn.js": {
          "version": "5.1.1",
          "resolved": "https://registry.npmjs.org/bn.js/-/bn.js-5.1.1.tgz",
          "integrity": "sha512-IUTD/REb78Z2eodka1QZyyEk66pciRcP6Sroka0aI3tG/iwIdYLrBD62RsubR7vqdt3WyX8p4jxeatzmRSphtA=="
        },
        "inherits": {
          "version": "2.0.4",
          "resolved": "https://registry.npmjs.org/inherits/-/inherits-2.0.4.tgz",
          "integrity": "sha512-k/vGaX4/Yla3WzyMCvTQOXYeIHvqOKtnqBduzTHpzpQZzAskKMhZ2K+EnBiSM9zGSoIFeMpXKxa4dYeZIQqewQ=="
        },
        "minimalistic-assert": {
          "version": "1.0.1",
          "resolved": "https://registry.npmjs.org/minimalistic-assert/-/minimalistic-assert-1.0.1.tgz",
          "integrity": "sha512-UtJcAD4yEaGtjPezWuO9wC4nwUnVH/8/Im3yEHQP4b67cXlD/Qr9hdITCU1xDbSEXg2XKNaP8jsReV7vQd00/A=="
        },
        "safer-buffer": {
          "version": "2.1.2",
          "resolved": "https://registry.npmjs.org/safer-buffer/-/safer-buffer-2.1.2.tgz",
          "integrity": "sha512-YZo3K82SD7Riyi0E1EQPojLz7kpepnSQI9IyPbHHg1XXXevb5dJI7tpyN2ADxGcQbHG7vcyRHk0cbwqcQriUtg=="
        },
        "tslib": {
          "version": "1.11.1",
          "resolved": "https://registry.npmjs.org/tslib/-/tslib-1.11.1.tgz",
          "integrity": "sha512-aZW88SY8kQbU7gpV19lN24LtXh/yD4ZZg6qieAJDDg+YBsJcSmLGK9QpnUjAKVG/xefmvJGd1WUmfpT/g6AJGA=="
        }
      }
    },
    "@aws-crypto/serialize": {
      "version": "file:../serialize",
      "requires": {
        "@aws-crypto/material-management": "file:../material-management",
        "asn1.js": "^5.0.1",
        "bn.js": "^5.1.1",
        "tslib": "^1.9.3"
      },
      "dependencies": {
        "@aws-crypto/material-management": {
          "version": "file:../material-management",
          "requires": {
            "asn1.js": "^5.0.1",
            "bn.js": "^5.1.1",
            "tslib": "^1.9.3"
          },
          "dependencies": {
            "asn1.js": {
              "version": "5.3.0",
              "resolved": "https://registry.npmjs.org/asn1.js/-/asn1.js-5.3.0.tgz",
              "integrity": "sha512-WHnQJFcOrIWT1RLOkFFBQkFVvyt9BPOOrH+Dp152Zk4R993rSzXUGPmkybIcUFhHE2d/iHH+nCaOWVCDbO8fgA==",
              "requires": {
                "bn.js": "^4.0.0",
                "inherits": "^2.0.1",
                "minimalistic-assert": "^1.0.0",
                "safer-buffer": "^2.1.0"
              },
              "dependencies": {
                "bn.js": {
                  "version": "4.11.8",
                  "resolved": "https://registry.npmjs.org/bn.js/-/bn.js-4.11.8.tgz",
                  "integrity": "sha512-ItfYfPLkWHUjckQCk8xC+LwxgK8NYcXywGigJgSwOP8Y2iyWT4f2vsZnoOXTTbo+o5yXmIUJ4gn5538SO5S3gA=="
                }
              }
            },
            "bn.js": {
              "version": "5.1.1",
              "resolved": "https://registry.npmjs.org/bn.js/-/bn.js-5.1.1.tgz",
              "integrity": "sha512-IUTD/REb78Z2eodka1QZyyEk66pciRcP6Sroka0aI3tG/iwIdYLrBD62RsubR7vqdt3WyX8p4jxeatzmRSphtA=="
            },
            "inherits": {
              "version": "2.0.4",
              "resolved": "https://registry.npmjs.org/inherits/-/inherits-2.0.4.tgz",
              "integrity": "sha512-k/vGaX4/Yla3WzyMCvTQOXYeIHvqOKtnqBduzTHpzpQZzAskKMhZ2K+EnBiSM9zGSoIFeMpXKxa4dYeZIQqewQ=="
            },
            "minimalistic-assert": {
              "version": "1.0.1",
              "resolved": "https://registry.npmjs.org/minimalistic-assert/-/minimalistic-assert-1.0.1.tgz",
              "integrity": "sha512-UtJcAD4yEaGtjPezWuO9wC4nwUnVH/8/Im3yEHQP4b67cXlD/Qr9hdITCU1xDbSEXg2XKNaP8jsReV7vQd00/A=="
            },
            "safer-buffer": {
              "version": "2.1.2",
              "resolved": "https://registry.npmjs.org/safer-buffer/-/safer-buffer-2.1.2.tgz",
              "integrity": "sha512-YZo3K82SD7Riyi0E1EQPojLz7kpepnSQI9IyPbHHg1XXXevb5dJI7tpyN2ADxGcQbHG7vcyRHk0cbwqcQriUtg=="
            },
            "tslib": {
              "version": "1.11.1",
              "resolved": "https://registry.npmjs.org/tslib/-/tslib-1.11.1.tgz",
              "integrity": "sha512-aZW88SY8kQbU7gpV19lN24LtXh/yD4ZZg6qieAJDDg+YBsJcSmLGK9QpnUjAKVG/xefmvJGd1WUmfpT/g6AJGA=="
            }
          }
        },
        "asn1.js": {
          "version": "5.3.0",
          "resolved": "https://registry.npmjs.org/asn1.js/-/asn1.js-5.3.0.tgz",
          "integrity": "sha512-WHnQJFcOrIWT1RLOkFFBQkFVvyt9BPOOrH+Dp152Zk4R993rSzXUGPmkybIcUFhHE2d/iHH+nCaOWVCDbO8fgA==",
          "requires": {
            "bn.js": "^4.0.0",
            "inherits": "^2.0.1",
            "minimalistic-assert": "^1.0.0",
            "safer-buffer": "^2.1.0"
          },
          "dependencies": {
            "bn.js": {
              "version": "4.11.8",
              "resolved": "https://registry.npmjs.org/bn.js/-/bn.js-4.11.8.tgz",
              "integrity": "sha512-ItfYfPLkWHUjckQCk8xC+LwxgK8NYcXywGigJgSwOP8Y2iyWT4f2vsZnoOXTTbo+o5yXmIUJ4gn5538SO5S3gA=="
            }
          }
        },
        "bn.js": {
          "version": "5.1.1",
          "resolved": "https://registry.npmjs.org/bn.js/-/bn.js-5.1.1.tgz",
          "integrity": "sha512-IUTD/REb78Z2eodka1QZyyEk66pciRcP6Sroka0aI3tG/iwIdYLrBD62RsubR7vqdt3WyX8p4jxeatzmRSphtA=="
        },
        "inherits": {
          "version": "2.0.4",
          "resolved": "https://registry.npmjs.org/inherits/-/inherits-2.0.4.tgz",
          "integrity": "sha512-k/vGaX4/Yla3WzyMCvTQOXYeIHvqOKtnqBduzTHpzpQZzAskKMhZ2K+EnBiSM9zGSoIFeMpXKxa4dYeZIQqewQ=="
        },
        "minimalistic-assert": {
          "version": "1.0.1",
          "resolved": "https://registry.npmjs.org/minimalistic-assert/-/minimalistic-assert-1.0.1.tgz",
          "integrity": "sha512-UtJcAD4yEaGtjPezWuO9wC4nwUnVH/8/Im3yEHQP4b67cXlD/Qr9hdITCU1xDbSEXg2XKNaP8jsReV7vQd00/A=="
        },
        "safer-buffer": {
          "version": "2.1.2",
          "resolved": "https://registry.npmjs.org/safer-buffer/-/safer-buffer-2.1.2.tgz",
          "integrity": "sha512-YZo3K82SD7Riyi0E1EQPojLz7kpepnSQI9IyPbHHg1XXXevb5dJI7tpyN2ADxGcQbHG7vcyRHk0cbwqcQriUtg=="
        },
        "tslib": {
          "version": "1.11.1",
          "resolved": "https://registry.npmjs.org/tslib/-/tslib-1.11.1.tgz",
          "integrity": "sha512-aZW88SY8kQbU7gpV19lN24LtXh/yD4ZZg6qieAJDDg+YBsJcSmLGK9QpnUjAKVG/xefmvJGd1WUmfpT/g6AJGA=="
        }
      }
    },
    "@types/lru-cache": {
      "version": "5.1.0",
      "resolved": "https://registry.npmjs.org/@types/lru-cache/-/lru-cache-5.1.0.tgz",
      "integrity": "sha512-RaE0B+14ToE4l6UqdarKPnXwVDuigfFv+5j9Dze/Nqr23yyuqdNvzcZi3xB+3Agvi5R4EOgAksfv3lXX4vBt9w=="
    },
    "lru-cache": {
      "version": "5.1.1",
      "resolved": "https://registry.npmjs.org/lru-cache/-/lru-cache-5.1.1.tgz",
      "integrity": "sha512-KpNARQA3Iwv+jTA0utUVVbrh+Jlrr1Fv0e56GGzAFOXN7dk/FviaDW8LHmK52DlcH4WP2n6gI8vN1aesBFgo9w==",
      "requires": {
        "yallist": "^3.0.2"
      }
    },
    "tslib": {
      "version": "1.11.1",
      "resolved": "https://registry.npmjs.org/tslib/-/tslib-1.11.1.tgz",
      "integrity": "sha512-aZW88SY8kQbU7gpV19lN24LtXh/yD4ZZg6qieAJDDg+YBsJcSmLGK9QpnUjAKVG/xefmvJGd1WUmfpT/g6AJGA=="
    },
    "yallist": {
      "version": "3.1.1",
      "resolved": "https://registry.npmjs.org/yallist/-/yallist-3.1.1.tgz",
      "integrity": "sha512-a4UGQaWPH59mOXUYnAG2ewncQS4i4F43Tv3JoAM+s2VDAmS9NsK8GpDMLrCHPksFT7h3K6TOoUNn2pb7RoXx4g=="
    }
  }
}
